
Microsoft Visual Studio Solution File, Format Version 12.00
# Visual Studio Version 16
VisualStudioVersion = 16.0.29728.190
MinimumVisualStudioVersion = 10.0.40219.1
Project("{FAE04EC0-301F-11D3-BF4B-00C04F79EFBC}") = "WPF1", "WPF1.csproj", "{F661A7CC-EB05-45F4-97D7-A483764AFD53}"
EndProject
Global
	GlobalSection(SolutionConfigurationPlatforms) = preSolution
		Debug|Any CPU = Debug|Any CPU
		Release|Any CPU = Release|Any CPU
	EndGlobalSection
	GlobalSection(ProjectConfigurationPlatforms) = postSolution
		{F661A7CC-EB05-45F4-97D7-A483764AFD53}.Debug|Any CPU.ActiveCfg = Debug|Any CPU
		{F661A7CC-EB05-45F4-97D7-A483764AFD53}.Debug|Any CPU.Build.0 = Debug|Any CPU
		{F661A7CC-EB05-45F4-97D7-A483764AFD53}.Release|Any CPU.ActiveCfg = Release|Any CPU
		{F661A7CC-EB05-45F4-97D7-A483764AFD53}.Release|Any CPU.Build.0 = Release|Any CPU
	EndGlobalSection
	GlobalSection(SolutionProperties) = preSolution
		HideSolutionNode = FALSE
	EndGlobalSection
	GlobalSection(ExtensibilityGlobals) = postSolution
		SolutionGuid = {523CFFE2-E5DF-4F1E-89FA-11E77A47A7AF}
	EndGlobalSection
EndGlobal
